// !$*UTF8*$!
{
	archiveVersion = 1;
	classes = {
	};
	objectVersion = 46;
	objects = {

/* Begin PBXBuildFile section */
		18F4D5C115834944000E21DC /* UIKit.framework in Frameworks */ = {isa = PBXBuildFile; fileRef = 18F4D5C015834944000E21DC /* UIKit.framework */; };
		18F4D5C315834944000E21DC /* Foundation.framework in Frameworks */ = {isa = PBXBuildFile; fileRef = 18F4D5C215834944000E21DC /* Foundation.framework */; };
		18F4D5C515834944000E21DC /* CoreGraphics.framework in Frameworks */ = {isa = PBXBuildFile; fileRef = 18F4D5C415834944000E21DC /* CoreGraphics.framework */; };
		18F4D5CB15834944000E21DC /* InfoPlist.strings in Resources */ = {isa = PBXBuildFile; fileRef = 18F4D5C915834944000E21DC /* InfoPlist.strings */; };
		18F4D5CD15834944000E21DC /* main.m in Sources */ = {isa = PBXBuildFile; fileRef = 18F4D5CC15834944000E21DC /* main.m */; };
		18F4D5D115834944000E21DC /* AppDelegate.m in Sources */ = {isa = PBXBuildFile; fileRef = 18F4D5D015834944000E21DC /* AppDelegate.m */; };
		18F4D5D415834944000E21DC /* ViewController.m in Sources */ = {isa = PBXBuildFile; fileRef = 18F4D5D315834944000E21DC /* ViewController.m */; };
		18F4D5D715834944000E21DC /* ViewController_iPhone.xib in Resources */ = {isa = PBXBuildFile; fileRef = 18F4D5D515834944000E21DC /* ViewController_iPhone.xib */; };
		18F4D5DA15834944000E21DC /* ViewController_iPad.xib in Resources */ = {isa = PBXBuildFile; fileRef = 18F4D5D815834944000E21DC /* ViewController_iPad.xib */; };
/* End PBXBuildFile section */

/* Begin PBXFileReference section */
		18F4D5BC15834944000E21DC /* SwapFaceDemo.app */ = {isa = PBXFileReference; explicitFileType = wrapper.application; includeInIndex = 0; path = SwapFaceDemo.app; sourceTree = BUILT_PRODUCTS_DIR; };
		18F4D5C015834944000E21DC /* UIKit.framework */ = {isa = PBXFileReference; lastKnownFileType = wrapper.framework; name = UIKit.framework; path = System/Library/Frameworks/UIKit.framework; sourceTree = SDKROOT; };
		18F4D5C215834944000E21DC /* Foundation.framework */ = {isa = PBXFileReference; lastKnownFileType = wrapper.framework; name = Foundation.framework; path = System/Library/Frameworks/Foundation.framework; sourceTree = SDKROOT; };
		18F4D5C415834944000E21DC /* CoreGraphics.framework */ = {isa = PBXFileReference; lastKnownFileType = wrapper.framework; name = CoreGraphics.framework; path = System/Library/Frameworks/CoreGraphics.framework; sourceTree = SDKROOT; };
		18F4D5C815834944000E21DC /* SwapFaceDemo-Info.plist */ = {isa = PBXFileReference; path = "SwapFaceDemo-Info.plist"; sourceTree = "<group>"; };
		18F4D5CA15834944000E21DC /* en */ = {isa = PBXFileReference; lastKnownFileType = text.plist.strings; name = en; path = en.lproj/InfoPlist.strings; sourceTree = "<group>"; };
		18F4D5CC15834944000E21DC /* main.m */ = {isa = PBXFileReference; lastKnownFileType = sourcecode.c.objc; path = main.m; sourceTree = "<group>"; };
		18F4D5CE15834944000E21DC /* SwapFaceDemo-Prefix.pch */ = {isa = PBXFileReference; path = "SwapFaceDemo-Prefix.pch"; sourceTree = "<group>"; };
		18F4D5CF15834944000E21DC /* AppDelegate.h */ = {isa = PBXFileReference; path = AppDelegate.h; sourceTree = "<group>"; };
		18F4D5D015834944000E21DC /* AppDelegate.m */ = {isa = PBXFileReference; lastKnownFileType = sourcecode.c.objc; path = AppDelegate.m; sourceTree = "<group>"; };
		18F4D5D215834944000E21DC /* ViewController.h */ = {isa = PBXFileReference; path = ViewController.h; sourceTree = "<group>"; };
		18F4D5D315834944000E21DC /* ViewController.m */ = {isa = PBXFileReference; lastKnownFileType = sourcecode.c.objc; path = ViewController.m; sourceTree = "<group>"; };
		18F4D5D615834944000E21DC /* en */ = {isa = PBXFileReference; lastKnownFileType = file.xib; name = en; path = en.lproj/ViewController_iPhone.xib; sourceTree = "<group>"; };
		18F4D5D915834944000E21DC /* en */ = {isa = PBXFileReference; lastKnownFileType = file.xib; name = en; path = en.lproj/ViewController_iPad.xib; sourceTree = "<group>"; };
/* End PBXFileReference section */

/* Begin PBXFrameworksBuildPhase section */
		18F4D5B915834944000E21DC /* Frameworks */ = {
			isa = PBXFrameworksBuildPhase;
			buildActionMask = 2147483647;
			files = (
				18F4D5C115834944000E21DC /* UIKit.framework in Frameworks */,
				18F4D5C315834944000E21DC /* Foundation.framework in Frameworks */,
				18F4D5C515834944000E21DC /* CoreGraphics.framework in Frameworks */,
			);
			runOnlyForDeploymentPostprocessing = 0;
		};
/* End PBXFrameworksBuildPhase section */

/* Begin PBXGroup section */
		18F4D5B115834944000E21DC = {
			isa = PBXGroup;
			children = (
				18F4D5C615834944000E21DC /* SwapFaceDemo */,
				18F4D5BF15834944000E21DC /* Frameworks */,
				18F4D5BD15834944000E21DC /* Products */,
			);
			sourceTree = "<group>";
		};
		18F4D5BD15834944000E21DC /* Products */ = {
			isa = PBXGroup;
			children = (
				18F4D5BC15834944000E21DC /* SwapFaceDemo.app */,
			);
			name = Products;
			sourceTree = "<group>";
		};
		18F4D5BF15834944000E21DC /* Frameworks */ = {
			isa = PBXGroup;
			children = (
				18F4D5C015834944000E21DC /* UIKit.framework */,
				18F4D5C215834944000E21DC /* Foundation.framework */,
				18F4D5C415834944000E21DC /* CoreGraphics.framework */,
			);
			name = Frameworks;
			sourceTree = "<group>";
		};
		18F4D5C615834944000E21DC /* SwapFaceDemo */ = {
			isa = PBXGroup;
			children = (
				18F4D5CF15834944000E21DC /* AppDelegate.h */,
				18F4D5D015834944000E21DC /* AppDelegate.m */,
				18F4D5D215834944000E21DC /* ViewController.h */,
				18F4D5D315834944000E21DC /* ViewController.m */,
				18F4D5D515834944000E21DC /* ViewController_iPhone.xib */,
				18F4D5D815834944000E21DC /* ViewController_iPad.xib */,
				18F4D5C715834944000E21DC /* Supporting Files */,
			);
			path = SwapFaceDemo;
			sourceTree = "<group>";
		};
		18F4D5C715834944000E21DC /* Supporting Files */ = {
			isa = PBXGroup;
			children = (
				18F4D5C815834944000E21DC /* SwapFaceDemo-Info.plist */,
				18F4D5C915834944000E21DC /* InfoPlist.strings */,
				18F4D5CC15834944000E21DC /* main.m */,
				18F4D5CE15834944000E21DC /* SwapFaceDemo-Prefix.pch */,
			);
			name = "Supporting Files";
			sourceTree = "<group>";
		};
/* End PBXGroup section */

/* Begin PBXNativeTarget section */
		18F4D5BB15834944000E21DC /* SwapFaceDemo */ = {
			isa = PBXNativeTarget;
			buildConfigurationList = 18F4D5DD15834944000E21DC /* Build configuration list for PBXNativeTarget "SwapFaceDemo" */;
			buildPhases = (
				18F4D5B815834944000E21DC /* Sources */,
				18F4D5B915834944000E21DC /* Frameworks */,
				18F4D5BA15834944000E21DC /* Resources */,
			);
			buildRules = (
			);
			dependencies = (
			);
			name = SwapFaceDemo;
			productName = SwapFaceDemo;
			productReference = 18F4D5BC15834944000E21DC /* SwapFaceDemo.app */;
			productType = "com.apple.product-type.application";
		};
/* End PBXNativeTarget section */

/* Begin PBXProject section */
		18F4D5B315834944000E21DC /* Project object */ = {
			isa = PBXProject;
			attributes = {
				LastUpgradeCheck = 0430;
			};
			buildConfigurationList = 18F4D5B615834944000E21DC /* Build configuration list for PBXProject "SwapFaceDemo" */;
			compatibilityVersion = "Xcode 3.2";
			developmentRegion = English;
			hasScannedForEncodings = 0;
			knownRegions = (
				en,
			);
			mainGroup = 18F4D5B115834944000E21DC;
			productRefGroup = 18F4D5BD15834944000E21DC /* Products */;
			projectDirPath = "";
			projectRoot = "";
			targets = (
				18F4D5BB15834944000E21DC /* SwapFaceDemo */,
			);
		};
/* End PBXProject section */

/* Begin PBXResourcesBuildPhase section */
		18F4D5BA15834944000E21DC /* Resources */ = {
			isa = PBXResourcesBuildPhase;
			buildActionMask = 2147483647;
			files = (
				18F4D5CB15834944000E21DC /* InfoPlist.strings in Resources */,
				18F4D5D715834944000E21DC /* ViewController_iPhone.xib in Resources */,
				18F4D5DA15834944000E21DC /* ViewController_iPad.xib in Resources */,
			);
			runOnlyForDeploymentPostprocessing = 0;
		};
/* End PBXResourcesBuildPhase section */

/* Begin PBXSourcesBuildPhase section */
		18F4D5B815834944000E21DC /* Sources */ = {
			isa = PBXSourcesBuildPhase;
			buildActionMask = 2147483647;
			files = (
				18F4D5CD15834944000E21DC /* main.m in Sources */,
				18F4D5D115834944000E21DC /* AppDelegate.m in Sources */,
				18F4D5D415834944000E21DC /* ViewController.m in Sources */,
			);
			runOnlyForDeploymentPostprocessing = 0;
		};
/* End PBXSourcesBuildPhase section */

/* Begin PBXVariantGroup section */
		18F4D5C915834944000E21DC /* InfoPlist.strings */ = {
			isa = PBXVariantGroup;
			children = (
				18F4D5CA15834944000E21DC /* en */,
			);
			name = InfoPlist.strings;
			sourceTree = "<group>";
		};
		18F4D5D515834944000E21DC /* ViewController_iPhone.xib */ = {
			isa = PBXVariantGroup;
			children = (
				18F4D5D615834944000E21DC /* en */,
			);
			name = ViewController_iPhone.xib;
			sourceTree = "<group>";
		};
		18F4D5D815834944000E21DC /* ViewController_iPad.xib */ = {
			isa = PBXVariantGroup;
			children = (
				18F4D5D915834944000E21DC /* en */,
			);
			name = ViewController_iPad.xib;
			sourceTree = "<group>";
		};
/* End PBXVariantGroup section */

/* Begin XCBuildConfiguration section */
		18F4D5DB15834944000E21DC /* Debug */ = {
			isa = XCBuildConfiguration;
			buildSettings = {
				ALWAYS_SEARCH_USER_PATHS = NO;
				ARCHS = "$(ARCHS_STANDARD_32_BIT)";
				CLANG_ENABLE_OBJC_ARC = YES;
				"CODE_SIGN_IDENTITY[sdk=iphoneos*]" = "iPhone Developer";
				COPY_PHASE_STRIP = NO;
				GCC_C_LANGUAGE_STANDARD = gnu99;
				GCC_DYNAMIC_NO_PIC = NO;
				GCC_OPTIMIZATION_LEVEL = 0;
				GCC_PREPROCESSOR_DEFINITIONS = (
					"DEBUG=1",
					"$(inherited)",
				);
				GCC_SYMBOLS_PRIVATE_EXTERN = NO;
				GCC_VERSION = com.apple.compilers.llvm.clang.1_0;
				GCC_WARN_ABOUT_RETURN_TYPE = YES;
				GCC_WARN_UNINITIALIZED_AUTOS = YES;
				GCC_WARN_UNUSED_VARIABLE = YES;
				IPHONEOS_DEPLOYMENT_TARGET = 5.1;
				SDKROOT = iphoneos;
				TARGETED_DEVICE_FAMILY = "1,2";
			};
			name = Debug;
		};
		18F4D5DC15834944000E21DC /* Release */ = {
			isa = XCBuildConfiguration;
			buildSettings = {
				ALWAYS_SEARCH_USER_PATHS = NO;
				ARCHS = "$(ARCHS_STANDARD_32_BIT)";
				CLANG_ENABLE_OBJC_ARC = YES;
				"CODE_SIGN_IDENTITY[sdk=iphoneos*]" = "iPhone Developer";
				COPY_PHASE_STRIP = YES;
				GCC_C_LANGUAGE_STANDARD = gnu99;
				GCC_VERSION = com.apple.compilers.llvm.clang.1_0;
				GCC_WARN_ABOUT_RETURN_TYPE = YES;
				GCC_WARN_UNINITIALIZED_AUTOS = YES;
				GCC_WARN_UNUSED_VARIABLE = YES;
				IPHONEOS_DEPLOYMENT_TARGET = 5.1;
				OTHER_CFLAGS = "-DNS_BLOCK_ASSERTIONS=1";
				SDKROOT = iphoneos;
				TARGETED_DEVICE_FAMILY = "1,2";
				VALIDATE_PRODUCT = YES;
			};
			name = Release;
		};
		18F4D5DE15834944000E21DC /* Debug */ = {
			isa = XCBuildConfiguration;
			buildSettings = {
				GCC_PRECOMPILE_PREFIX_HEADER = YES;
				GCC_PREFIX_HEADER = "SwapFaceDemo/SwapFaceDemo-Prefix.pch";
				INFOPLIST_FILE = "SwapFaceDemo/SwapFaceDemo-Info.plist";
				PRODUCT_NAME = "$(TARGET_NAME)";
				WRAPPER_EXTENSION = app;
			};
			name = Debug;
		};
		18F4D5DF15834944000E21DC /* Release */ = {
			isa = XCBuildConfiguration;
			buildSettings = {
				GCC_PRECOMPILE_PREFIX_HEADER = YES;
				GCC_PREFIX_HEADER = "SwapFaceDemo/SwapFaceDemo-Prefix.pch";
				INFOPLIST_FILE = "SwapFaceDemo/SwapFaceDemo-Info.plist";
				PRODUCT_NAME = "$(TARGET_NAME)";
				WRAPPER_EXTENSION = app;
			};
			name = Release;
		};
/* End XCBuildConfiguration section */

/* Begin XCConfigurationList section */
		18F4D5B615834944000E21DC /* Build configuration list for PBXProject "SwapFaceDemo" */ = {
			isa = XCConfigurationList;
			buildConfigurations = (
				18F4D5DB15834944000E21DC /* Debug */,
				18F4D5DC15834944000E21DC /* Release */,
			);
			defaultConfigurationIsVisible = 0;
			defaultConfigurationName = Release;
		};
		18F4D5DD15834944000E21DC /* Build configuration list for PBXNativeTarget "SwapFaceDemo" */ = {
			isa = XCConfigurationList;
			buildConfigurations = (
				18F4D5DE15834944000E21DC /* Debug */,
				18F4D5DF15834944000E21DC /* Release */,
			);
			defaultConfigurationIsVisible = 0;
		};
/* End XCConfigurationList section */
	};
	rootObject = 18F4D5B315834944000E21DC /* Project object */;
}
